// !$*UTF8*$!
{
	archiveVersion = 1;
	classes = {
	};
	objectVersion = 50;
	objects = {

/* Begin PBXBuildFile section */
		14D95DEC236FD25F008FF78B /* AppDelegate.swift in Sources */ = {isa = PBXBuildFile; fileRef = 14D95DEB236FD25F008FF78B /* AppDelegate.swift */; };
		14D95DEE236FD25F008FF78B /* SceneDelegate.swift in Sources */ = {isa = PBXBuildFile; fileRef = 14D95DED236FD25F008FF78B /* SceneDelegate.swift */; };
		14D95DF0236FD25F008FF78B /* SearchVC.swift in Sources */ = {isa = PBXBuildFile; fileRef = 14D95DEF236FD25F008FF78B /* SearchVC.swift */; };
		14D95DF3236FD25F008FF78B /* Main.storyboard in Resources */ = {isa = PBXBuildFile; fileRef = 14D95DF1236FD25F008FF78B /* Main.storyboard */; };
		14D95DF6236FD25F008FF78B /* parking_pro_.xcdatamodeld in Sources */ = {isa = PBXBuildFile; fileRef = 14D95DF4236FD25F008FF78B /* parking_pro_.xcdatamodeld */; };
		14D95DF8236FD260008FF78B /* Assets.xcassets in Resources */ = {isa = PBXBuildFile; fileRef = 14D95DF7236FD260008FF78B /* Assets.xcassets */; };
		14D95DFB236FD260008FF78B /* LaunchScreen.storyboard in Resources */ = {isa = PBXBuildFile; fileRef = 14D95DF9236FD260008FF78B /* LaunchScreen.storyboard */; };
		14D95E06236FD260008FF78B /* parking_pro_Tests.swift in Sources */ = {isa = PBXBuildFile; fileRef = 14D95E05236FD260008FF78B /* parking_pro_Tests.swift */; };
		14D95E11236FD260008FF78B /* parking_pro_UITests.swift in Sources */ = {isa = PBXBuildFile; fileRef = 14D95E10236FD260008FF78B /* parking_pro_UITests.swift */; };
		14D95E1F2370A167008FF78B /* SupportVC.swift in Sources */ = {isa = PBXBuildFile; fileRef = 14D95E1E2370A167008FF78B /* SupportVC.swift */; };
/* End PBXBuildFile section */

/* Begin PBXContainerItemProxy section */
		14D95E02236FD260008FF78B /* PBXContainerItemProxy */ = {
			isa = PBXContainerItemProxy;
			containerPortal = 14D95DE0236FD25F008FF78B /* Project object */;
			proxyType = 1;
			remoteGlobalIDString = 14D95DE7236FD25F008FF78B;
			remoteInfo = "parking pro+";
		};
		14D95E0D236FD260008FF78B /* PBXContainerItemProxy */ = {
			isa = PBXContainerItemProxy;
			containerPortal = 14D95DE0236FD25F008FF78B /* Project object */;
			proxyType = 1;
			remoteGlobalIDString = 14D95DE7236FD25F008FF78B;
			remoteInfo = "parking pro+";
		};
/* End PBXContainerItemProxy section */

/* Begin PBXFileReference section */
		14D95DE8236FD25F008FF78B /* parking pro+.app */ = {isa = PBXFileReference; explicitFileType = wrapper.application; includeInIndex = 0; path = "parking pro+.app"; sourceTree = BUILT_PRODUCTS_DIR; };
		14D95DEB236FD25F008FF78B /* AppDelegate.swift */ = {isa = PBXFileReference; lastKnownFileType = sourcecode.swift; path = AppDelegate.swift; sourceTree = "<group>"; };
		14D95DED236FD25F008FF78B /* SceneDelegate.swift */ = {isa = PBXFileReference; lastKnownFileType = sourcecode.swift; path = SceneDelegate.swift; sourceTree = "<group>"; };
		14D95DEF236FD25F008FF78B /* SearchVC.swift */ = {isa = PBXFileReference; lastKnownFileType = sourcecode.swift; path = SearchVC.swift; sourceTree = SOURCE_ROOT; };
		14D95DF2236FD25F008FF78B /* Base */ = {isa = PBXFileReference; lastKnownFileType = file.storyboard; name = Base; path = Base.lproj/Main.storyboard; sourceTree = "<group>"; };
		14D95DF5236FD25F008FF78B /* parking_pro_.xcdatamodel */ = {isa = PBXFileReference; lastKnownFileType = wrapper.xcdatamodel; path = parking_pro_.xcdatamodel; sourceTree = "<group>"; };
		14D95DF7236FD260008FF78B /* Assets.xcassets */ = {isa = PBXFileReference; lastKnownFileType = folder.assetcatalog; path = Assets.xcassets; sourceTree = "<group>"; };
		14D95DFA236FD260008FF78B /* Base */ = {isa = PBXFileReference; lastKnownFileType = file.storyboard; name = Base; path = Base.lproj/LaunchScreen.storyboard; sourceTree = "<group>"; };
		14D95DFC236FD260008FF78B /* Info.plist */ = {isa = PBXFileReference; lastKnownFileType = text.plist.xml; path = Info.plist; sourceTree = "<group>"; };
		14D95E01236FD260008FF78B /* parking pro+Tests.xctest */ = {isa = PBXFileReference; explicitFileType = wrapper.cfbundle; includeInIndex = 0; path = "parking pro+Tests.xctest"; sourceTree = BUILT_PRODUCTS_DIR; };
		14D95E05236FD260008FF78B /* parking_pro_Tests.swift */ = {isa = PBXFileReference; lastKnownFileType = sourcecode.swift; path = parking_pro_Tests.swift; sourceTree = "<group>"; };
		14D95E07236FD260008FF78B /* Info.plist */ = {isa = PBXFileReference; lastKnownFileType = text.plist.xml; path = Info.plist; sourceTree = "<group>"; };
		14D95E0C236FD260008FF78B /* parking pro+UITests.xctest */ = {isa = PBXFileReference; explicitFileType = wrapper.cfbundle; includeInIndex = 0; path = "parking pro+UITests.xctest"; sourceTree = BUILT_PRODUCTS_DIR; };
		14D95E10236FD260008FF78B /* parking_pro_UITests.swift */ = {isa = PBXFileReference; lastKnownFileType = sourcecode.swift; path = parking_pro_UITests.swift; sourceTree = "<group>"; };
		14D95E12236FD260008FF78B /* Info.plist */ = {isa = PBXFileReference; lastKnownFileType = text.plist.xml; path = Info.plist; sourceTree = "<group>"; };
		14D95E1E2370A167008FF78B /* SupportVC.swift */ = {isa = PBXFileReference; lastKnownFileType = sourcecode.swift; path = SupportVC.swift; sourceTree = "<group>"; };
/* End PBXFileReference section */

/* Begin PBXFrameworksBuildPhase section */
		14D95DE5236FD25F008FF78B /* Frameworks */ = {
			isa = PBXFrameworksBuildPhase;
			buildActionMask = 2147483647;
			files = (
			);
			runOnlyForDeploymentPostprocessing = 0;
		};
		14D95DFE236FD260008FF78B /* Frameworks */ = {
			isa = PBXFrameworksBuildPhase;
			buildActionMask = 2147483647;
			files = (
			);
			runOnlyForDeploymentPostprocessing = 0;
		};
		14D95E09236FD260008FF78B /* Frameworks */ = {
			isa = PBXFrameworksBuildPhase;
			buildActionMask = 2147483647;
			files = (
			);
			runOnlyForDeploymentPostprocessing = 0;
		};
/* End PBXFrameworksBuildPhase section */

/* Begin PBXGroup section */
		14D95DDF236FD25F008FF78B = {
			isa = PBXGroup;
			children = (
				14D95E202370A1C1008FF78B /* View */,
				14D95DEA236FD25F008FF78B /* parking pro+ */,
				14D95E04236FD260008FF78B /* parking pro+Tests */,
				14D95E0F236FD260008FF78B /* parking pro+UITests */,
				14D95DE9236FD25F008FF78B /* Products */,
			);
			sourceTree = "<group>";
		};
		14D95DE9236FD25F008FF78B /* Products */ = {
			isa = PBXGroup;
			children = (
				14D95DE8236FD25F008FF78B /* parking pro+.app */,
				14D95E01236FD260008FF78B /* parking pro+Tests.xctest */,
				14D95E0C236FD260008FF78B /* parking pro+UITests.xctest */,
			);
			name = Products;
			sourceTree = "<group>";
		};
		14D95DEA236FD25F008FF78B /* parking pro+ */ = {
			isa = PBXGroup;
			children = (
				14D95DEB236FD25F008FF78B /* AppDelegate.swift */,
				14D95DED236FD25F008FF78B /* SceneDelegate.swift */,
				14D95DF1236FD25F008FF78B /* Main.storyboard */,
				14D95DF7236FD260008FF78B /* Assets.xcassets */,
				14D95DF9236FD260008FF78B /* LaunchScreen.storyboard */,
				14D95DFC236FD260008FF78B /* Info.plist */,
				14D95DF4236FD25F008FF78B /* parking_pro_.xcdatamodeld */,
			);
			path = "parking pro+";
			sourceTree = "<group>";
		};
		14D95E04236FD260008FF78B /* parking pro+Tests */ = {
			isa = PBXGroup;
			children = (
				14D95E05236FD260008FF78B /* parking_pro_Tests.swift */,
				14D95E07236FD260008FF78B /* Info.plist */,
			);
			path = "parking pro+Tests";
			sourceTree = "<group>";
		};
		14D95E0F236FD260008FF78B /* parking pro+UITests */ = {
			isa = PBXGroup;
			children = (
				14D95E10236FD260008FF78B /* parking_pro_UITests.swift */,
				14D95E12236FD260008FF78B /* Info.plist */,
			);
			path = "parking pro+UITests";
			sourceTree = "<group>";
		};
		14D95E202370A1C1008FF78B /* View */ = {
			isa = PBXGroup;
			children = (
				14D95DEF236FD25F008FF78B /* SearchVC.swift */,
				14D95E1E2370A167008FF78B /* SupportVC.swift */,
			);
			path = View;
			sourceTree = "<group>";
		};
/* End PBXGroup section */

/* Begin PBXNativeTarget section */
		14D95DE7236FD25F008FF78B /* parking pro+ */ = {
			isa = PBXNativeTarget;
			buildConfigurationList = 14D95E15236FD260008FF78B /* Build configuration list for PBXNativeTarget "parking pro+" */;
			buildPhases = (
				14D95DE4236FD25F008FF78B /* Sources */,
				14D95DE5236FD25F008FF78B /* Frameworks */,
				14D95DE6236FD25F008FF78B /* Resources */,
			);
			buildRules = (
			);
			dependencies = (
			);
			name = "parking pro+";
			productName = "parking pro+";
			productReference = 14D95DE8236FD25F008FF78B /* parking pro+.app */;
			productType = "com.apple.product-type.application";
		};
		14D95E00236FD260008FF78B /* parking pro+Tests */ = {
			isa = PBXNativeTarget;
			buildConfigurationList = 14D95E18236FD260008FF78B /* Build configuration list for PBXNativeTarget "parking pro+Tests" */;
			buildPhases = (
				14D95DFD236FD260008FF78B /* Sources */,
				14D95DFE236FD260008FF78B /* Frameworks */,
				14D95DFF236FD260008FF78B /* Resources */,
			);
			buildRules = (
			);
			dependencies = (
				14D95E03236FD260008FF78B /* PBXTargetDependency */,
			);
			name = "parking pro+Tests";
			productName = "parking pro+Tests";
			productReference = 14D95E01236FD260008FF78B /* parking pro+Tests.xctest */;
			productType = "com.apple.product-type.bundle.unit-test";
		};
		14D95E0B236FD260008FF78B /* parking pro+UITests */ = {
			isa = PBXNativeTarget;
			buildConfigurationList = 14D95E1B236FD260008FF78B /* Build configuration list for PBXNativeTarget "parking pro+UITests" */;
			buildPhases = (
				14D95E08236FD260008FF78B /* Sources */,
				14D95E09236FD260008FF78B /* Frameworks */,
				14D95E0A236FD260008FF78B /* Resources */,
			);
			buildRules = (
			);
			dependencies = (
				14D95E0E236FD260008FF78B /* PBXTargetDependency */,
			);
			name = "parking pro+UITests";
			productName = "parking pro+UITests";
			productReference = 14D95E0C236FD260008FF78B /* parking pro+UITests.xctest */;
			productType = "com.apple.product-type.bundle.ui-testing";
		};
/* End PBXNativeTarget section */

/* Begin PBXProject section */
		14D95DE0236FD25F008FF78B /* Project object */ = {
			isa = PBXProject;
			attributes = {
				LastSwiftUpdateCheck = 1110;
				LastUpgradeCheck = 1110;
				ORGANIZATIONNAME = HJ;
				TargetAttributes = {
					14D95DE7236FD25F008FF78B = {
						CreatedOnToolsVersion = 11.1;
					};
					14D95E00236FD260008FF78B = {
						CreatedOnToolsVersion = 11.1;
						TestTargetID = 14D95DE7236FD25F008FF78B;
					};
					14D95E0B236FD260008FF78B = {
						CreatedOnToolsVersion = 11.1;
						TestTargetID = 14D95DE7236FD25F008FF78B;
					};
				};
			};
			buildConfigurationList = 14D95DE3236FD25F008FF78B /* Build configuration list for PBXProject "parking pro+" */;
			compatibilityVersion = "Xcode 9.3";
			developmentRegion = en;
			hasScannedForEncodings = 0;
			knownRegions = (
				en,
				Base,
			);
			mainGroup = 14D95DDF236FD25F008FF78B;
			productRefGroup = 14D95DE9236FD25F008FF78B /* Products */;
			projectDirPath = "";
			projectRoot = "";
			targets = (
				14D95DE7236FD25F008FF78B /* parking pro+ */,
				14D95E00236FD260008FF78B /* parking pro+Tests */,
				14D95E0B236FD260008FF78B /* parking pro+UITests */,
			);
		};
/* End PBXProject section */

/* Begin PBXResourcesBuildPhase section */
		14D95DE6236FD25F008FF78B /* Resources */ = {
			isa = PBXResourcesBuildPhase;
			buildActionMask = 2147483647;
			files = (
				14D95DFB236FD260008FF78B /* LaunchScreen.storyboard in Resources */,
				14D95DF8236FD260008FF78B /* Assets.xcassets in Resources */,
				14D95DF3236FD25F008FF78B /* Main.storyboard in Resources */,
			);
			runOnlyForDeploymentPostprocessing = 0;
		};
		14D95DFF236FD260008FF78B /* Resources */ = {
			isa = PBXResourcesBuildPhase;
			buildActionMask = 2147483647;
			files = (
			);
			runOnlyForDeploymentPostprocessing = 0;
		};
		14D95E0A236FD260008FF78B /* Resources */ = {
			isa = PBXResourcesBuildPhase;
			buildActionMask = 2147483647;
			files = (
			);
			runOnlyForDeploymentPostprocessing = 0;
		};
/* End PBXResourcesBuildPhase section */

/* Begin PBXSourcesBuildPhase section */
		14D95DE4236FD25F008FF78B /* Sources */ = {
			isa = PBXSourcesBuildPhase;
			buildActionMask = 2147483647;
			files = (
				14D95DF6236FD25F008FF78B /* parking_pro_.xcdatamodeld in Sources */,
				14D95DF0236FD25F008FF78B /* SearchVC.swift in Sources */,
				14D95E1F2370A167008FF78B /* SupportVC.swift in Sources */,
				14D95DEC236FD25F008FF78B /* AppDelegate.swift in Sources */,
				14D95DEE236FD25F008FF78B /* SceneDelegate.swift in Sources */,
			);
			runOnlyForDeploymentPostprocessing = 0;
		};
		14D95DFD236FD260008FF78B /* Sources */ = {
			isa = PBXSourcesBuildPhase;
			buildActionMask = 2147483647;
			files = (
				14D95E06236FD260008FF78B /* parking_pro_Tests.swift in Sources */,
			);
			runOnlyForDeploymentPostprocessing = 0;
		};
		14D95E08236FD260008FF78B /* Sources */ = {
			isa = PBXSourcesBuildPhase;
			buildActionMask = 2147483647;
			files = (
				14D95E11236FD260008FF78B /* parking_pro_UITests.swift in Sources */,
			);
			runOnlyForDeploymentPostprocessing = 0;
		};
/* End PBXSourcesBuildPhase section */

/* Begin PBXTargetDependency section */
		14D95E03236FD260008FF78B /* PBXTargetDependency */ = {
			isa = PBXTargetDependency;
			target = 14D95DE7236FD25F008FF78B /* parking pro+ */;
			targetProxy = 14D95E02236FD260008FF78B /* PBXContainerItemProxy */;
		};
		14D95E0E236FD260008FF78B /* PBXTargetDependency */ = {
			isa = PBXTargetDependency;
			target = 14D95DE7236FD25F008FF78B /* parking pro+ */;
			targetProxy = 14D95E0D236FD260008FF78B /* PBXContainerItemProxy */;
		};
/* End PBXTargetDependency section */

/* Begin PBXVariantGroup section */
		14D95DF1236FD25F008FF78B /* Main.storyboard */ = {
			isa = PBXVariantGroup;
			children = (
				14D95DF2236FD25F008FF78B /* Base */,
			);
			name = Main.storyboard;
			sourceTree = "<group>";
		};
		14D95DF9236FD260008FF78B /* LaunchScreen.storyboard */ = {
			isa = PBXVariantGroup;
			children = (
				14D95DFA236FD260008FF78B /* Base */,
			);
			name = LaunchScreen.storyboard;
			sourceTree = "<group>";
		};
/* End PBXVariantGroup section */

/* Begin XCBuildConfiguration section */
		14D95E13236FD260008FF78B /* Debug */ = {
			isa = XCBuildConfiguration;
			buildSettings = {
				ALWAYS_SEARCH_USER_PATHS = NO;
				CLANG_ANALYZER_NONNULL = YES;
				CLANG_ANALYZER_NUMBER_OBJECT_CONVERSION = YES_AGGRESSIVE;
				CLANG_CXX_LANGUAGE_STANDARD = "gnu++14";
				CLANG_CXX_LIBRARY = "libc++";
				CLANG_ENABLE_MODULES = YES;
				CLANG_ENABLE_OBJC_ARC = YES;
				CLANG_ENABLE_OBJC_WEAK = YES;
				CLANG_WARN_BLOCK_CAPTURE_AUTORELEASING = YES;
				CLANG_WARN_BOOL_CONVERSION = YES;
				CLANG_WARN_COMMA = YES;
				CLANG_WARN_CONSTANT_CONVERSION = YES;
				CLANG_WARN_DEPRECATED_OBJC_IMPLEMENTATIONS = YES;
				CLANG_WARN_DIRECT_OBJC_ISA_USAGE = YES_ERROR;
				CLANG_WARN_DOCUMENTATION_COMMENTS = YES;
				CLANG_WARN_EMPTY_BODY = YES;
				CLANG_WARN_ENUM_CONVERSION = YES;
				CLANG_WARN_INFINITE_RECURSION = YES;
				CLANG_WARN_INT_CONVERSION = YES;
				CLANG_WARN_NON_LITERAL_NULL_CONVERSION = YES;
				CLANG_WARN_OBJC_IMPLICIT_RETAIN_SELF = YES;
				CLANG_WARN_OBJC_LITERAL_CONVERSION = YES;
				CLANG_WARN_OBJC_ROOT_CLASS = YES_ERROR;
				CLANG_WARN_RANGE_LOOP_ANALYSIS = YES;
				CLANG_WARN_STRICT_PROTOTYPES = YES;
				CLANG_WARN_SUSPICIOUS_MOVE = YES;
				CLANG_WARN_UNGUARDED_AVAILABILITY = YES_AGGRESSIVE;
				CLANG_WARN_UNREACHABLE_CODE = YES;
				CLANG_WARN__DUPLICATE_METHOD_MATCH = YES;
				COPY_PHASE_STRIP = NO;
				DEBUG_INFORMATION_FORMAT = dwarf;
				ENABLE_STRICT_OBJC_MSGSEND = YES;
				ENABLE_TESTABILITY = YES;
				GCC_C_LANGUAGE_STANDARD = gnu11;
				GCC_DYNAMIC_NO_PIC = NO;
				GCC_NO_COMMON_BLOCKS = YES;
				GCC_OPTIMIZATION_LEVEL = 0;
				GCC_PREPROCESSOR_DEFINITIONS = (
					"DEBUG=1",
					"$(inherited)",
				);
				GCC_WARN_64_TO_32_BIT_CONVERSION = YES;
				GCC_WARN_ABOUT_RETURN_TYPE = YES_ERROR;
				GCC_WARN_UNDECLARED_SELECTOR = YES;
				GCC_WARN_UNINITIALIZED_AUTOS = YES_AGGRESSIVE;
				GCC_WARN_UNUSED_FUNCTION = YES;
				GCC_WARN_UNUSED_VARIABLE = YES;
				IPHONEOS_DEPLOYMENT_TARGET = 13.1;
				MTL_ENABLE_DEBUG_INFO = INCLUDE_SOURCE;
				MTL_FAST_MATH = YES;
				ONLY_ACTIVE_ARCH = YES;
				SDKROOT = iphoneos;
				SWIFT_ACTIVE_COMPILATION_CONDITIONS = DEBUG;
				SWIFT_OPTIMIZATION_LEVEL = "-Onone";
			};
			name = Debug;
		};
		14D95E14236FD260008FF78B /* Release */ = {
			isa = XCBuildConfiguration;
			buildSettings = {
				ALWAYS_SEARCH_USER_PATHS = NO;
				CLANG_ANALYZER_NONNULL = YES;
				CLANG_ANALYZER_NUMBER_OBJECT_CONVERSION = YES_AGGRESSIVE;
				CLANG_CXX_LANGUAGE_STANDARD = "gnu++14";
				CLANG_CXX_LIBRARY = "libc++";
				CLANG_ENABLE_MODULES = YES;
				CLANG_ENABLE_OBJC_ARC = YES;
				CLANG_ENABLE_OBJC_WEAK = YES;
				CLANG_WARN_BLOCK_CAPTURE_AUTORELEASING = YES;
				CLANG_WARN_BOOL_CONVERSION = YES;
				CLANG_WARN_COMMA = YES;
				CLANG_WARN_CONSTANT_CONVERSION = YES;
				CLANG_WARN_DEPRECATED_OBJC_IMPLEMENTATIONS = YES;
				CLANG_WARN_DIRECT_OBJC_ISA_USAGE = YES_ERROR;
				CLANG_WARN_DOCUMENTATION_COMMENTS = YES;
				CLANG_WARN_EMPTY_BODY = YES;
				CLANG_WARN_ENUM_CONVERSION = YES;
				CLANG_WARN_INFINITE_RECURSION = YES;
				CLANG_WARN_INT_CONVERSION = YES;
				CLANG_WARN_NON_LITERAL_NULL_CONVERSION = YES;
				CLANG_WARN_OBJC_IMPLICIT_RETAIN_SELF = YES;
				CLANG_WARN_OBJC_LITERAL_CONVERSION = YES;
				CLANG_WARN_OBJC_ROOT_CLASS = YES_ERROR;
				CLANG_WARN_RANGE_LOOP_ANALYSIS = YES;
				CLANG_WARN_STRICT_PROTOTYPES = YES;
				CLANG_WARN_SUSPICIOUS_MOVE = YES;
				CLANG_WARN_UNGUARDED_AVAILABILITY = YES_AGGRESSIVE;
				CLANG_WARN_UNREACHABLE_CODE = YES;
				CLANG_WARN__DUPLICATE_METHOD_MATCH = YES;
				COPY_PHASE_STRIP = NO;
				DEBUG_INFORMATION_FORMAT = "dwarf-with-dsym";
				ENABLE_NS_ASSERTIONS = NO;
				ENABLE_STRICT_OBJC_MSGSEND = YES;
				GCC_C_LANGUAGE_STANDARD = gnu11;
				GCC_NO_COMMON_BLOCKS = YES;
				GCC_WARN_64_TO_32_BIT_CONVERSION = YES;
				GCC_WARN_ABOUT_RETURN_TYPE = YES_ERROR;
				GCC_WARN_UNDECLARED_SELECTOR = YES;
				GCC_WARN_UNINITIALIZED_AUTOS = YES_AGGRESSIVE;
				GCC_WARN_UNUSED_FUNCTION = YES;
				GCC_WARN_UNUSED_VARIABLE = YES;
				IPHONEOS_DEPLOYMENT_TARGET = 13.1;
				MTL_ENABLE_DEBUG_INFO = NO;
				MTL_FAST_MATH = YES;
				SDKROOT = iphoneos;
				SWIFT_COMPILATION_MODE = wholemodule;
				SWIFT_OPTIMIZATION_LEVEL = "-O";
				VALIDATE_PRODUCT = YES;
			};
			name = Release;
		};
		14D95E16236FD260008FF78B /* Debug */ = {
			isa = XCBuildConfiguration;
			buildSettings = {
				ASSETCATALOG_COMPILER_APPICON_NAME = AppIcon;
				CODE_SIGN_STYLE = Automatic;
				DEVELOPMENT_TEAM = 3ZNZ6GGX6W;
				INFOPLIST_FILE = "parking pro+/Info.plist";
				LD_RUNPATH_SEARCH_PATHS = (
					"$(inherited)",
					"@executable_path/Frameworks",
				);
				PRODUCT_BUNDLE_IDENTIFIER = "sean.parking-pro-";
				PRODUCT_NAME = "$(TARGET_NAME)";
				SWIFT_VERSION = 5.0;
				TARGETED_DEVICE_FAMILY = "1,2";
			};
			name = Debug;
		};
		14D95E17236FD260008FF78B /* Release */ = {
			isa = XCBuildConfiguration;
			buildSettings = {
				ASSETCATALOG_COMPILER_APPICON_NAME = AppIcon;
				CODE_SIGN_STYLE = Automatic;
				DEVELOPMENT_TEAM = 3ZNZ6GGX6W;
				INFOPLIST_FILE = "parking pro+/Info.plist";
				LD_RUNPATH_SEARCH_PATHS = (
					"$(inherited)",
					"@executable_path/Frameworks",
				);
				PRODUCT_BUNDLE_IDENTIFIER = "sean.parking-pro-";
				PRODUCT_NAME = "$(TARGET_NAME)";
				SWIFT_VERSION = 5.0;
				TARGETED_DEVICE_FAMILY = "1,2";
			};
			name = Release;
		};
		14D95E19236FD260008FF78B /* Debug */ = {
			isa = XCBuildConfiguration;
			buildSettings = {
				ALWAYS_EMBED_SWIFT_STANDARD_LIBRARIES = YES;
				BUNDLE_LOADER = "$(TEST_HOST)";
				CODE_SIGN_STYLE = Automatic;
				DEVELOPMENT_TEAM = 3ZNZ6GGX6W;
				INFOPLIST_FILE = "parking pro+Tests/Info.plist";
				IPHONEOS_DEPLOYMENT_TARGET = 13.1;
				LD_RUNPATH_SEARCH_PATHS = (
					"$(inherited)",
					"@executable_path/Frameworks",
					"@loader_path/Frameworks",
				);
				PRODUCT_BUNDLE_IDENTIFIER = "sean.parking-pro-Tests";
				PRODUCT_NAME = "$(TARGET_NAME)";
				SWIFT_VERSION = 5.0;
				TARGETED_DEVICE_FAMILY = "1,2";
				TEST_HOST = "$(BUILT_PRODUCTS_DIR)/parking pro+.app/parking pro+";
			};
			name = Debug;
		};
		14D95E1A236FD260008FF78B /* Release */ = {
			isa = XCBuildConfiguration;
			buildSettings = {
				ALWAYS_EMBED_SWIFT_STANDARD_LIBRARIES = YES;
				BUNDLE_LOADER = "$(TEST_HOST)";
				CODE_SIGN_STYLE = Automatic;
				DEVELOPMENT_TEAM = 3ZNZ6GGX6W;
				INFOPLIST_FILE = "parking pro+Tests/Info.plist";
				IPHONEOS_DEPLOYMENT_TARGET = 13.1;
				LD_RUNPATH_SEARCH_PATHS = (
					"$(inherited)",
					"@executable_path/Frameworks",
					"@loader_path/Frameworks",
				);
				PRODUCT_BUNDLE_IDENTIFIER = "sean.parking-pro-Tests";
				PRODUCT_NAME = "$(TARGET_NAME)";
				SWIFT_VERSION = 5.0;
				TARGETED_DEVICE_FAMILY = "1,2";
				TEST_HOST = "$(BUILT_PRODUCTS_DIR)/parking pro+.app/parking pro+";
			};
			name = Release;
		};
		14D95E1C236FD260008FF78B /* Debug */ = {
			isa = XCBuildConfiguration;
			buildSettings = {
				ALWAYS_EMBED_SWIFT_STANDARD_LIBRARIES = YES;
				CODE_SIGN_STYLE = Automatic;
				DEVELOPMENT_TEAM = 3ZNZ6GGX6W;
				INFOPLIST_FILE = "parking pro+UITests/Info.plist";
				LD_RUNPATH_SEARCH_PATHS = (
					"$(inherited)",
					"@executable_path/Frameworks",
					"@loader_path/Frameworks",
				);
				PRODUCT_BUNDLE_IDENTIFIER = "sean.parking-pro-UITests";
				PRODUCT_NAME = "$(TARGET_NAME)";
				SWIFT_VERSION = 5.0;
				TARGETED_DEVICE_FAMILY = "1,2";
				TEST_TARGET_NAME = "parking pro+";
			};
			name = Debug;
		};
		14D95E1D236FD260008FF78B /* Release */ = {
			isa = XCBuildConfiguration;
			buildSettings = {
				ALWAYS_EMBED_SWIFT_STANDARD_LIBRARIES = YES;
				CODE_SIGN_STYLE = Automatic;
				DEVELOPMENT_TEAM = 3ZNZ6GGX6W;
				INFOPLIST_FILE = "parking pro+UITests/Info.plist";
				LD_RUNPATH_SEARCH_PATHS = (
					"$(inherited)",
					"@executable_path/Frameworks",
					"@loader_path/Frameworks",
				);
				PRODUCT_BUNDLE_IDENTIFIER = "sean.parking-pro-UITests";
				PRODUCT_NAME = "$(TARGET_NAME)";
				SWIFT_VERSION = 5.0;
				TARGETED_DEVICE_FAMILY = "1,2";
				TEST_TARGET_NAME = "parking pro+";
			};
			name = Release;
		};
/* End XCBuildConfiguration section */

/* Begin XCConfigurationList section */
		14D95DE3236FD25F008FF78B /* Build configuration list for PBXProject "parking pro+" */ = {
			isa = XCConfigurationList;
			buildConfigurations = (
				14D95E13236FD260008FF78B /* Debug */,
				14D95E14236FD260008FF78B /* Release */,
			);
			defaultConfigurationIsVisible = 0;
			defaultConfigurationName = Release;
		};
		14D95E15236FD260008FF78B /* Build configuration list for PBXNativeTarget "parking pro+" */ = {
			isa = XCConfigurationList;
			buildConfigurations = (
				14D95E16236FD260008FF78B /* Debug */,
				14D95E17236FD260008FF78B /* Release */,
			);
			defaultConfigurationIsVisible = 0;
			defaultConfigurationName = Release;
		};
		14D95E18236FD260008FF78B /* Build configuration list for PBXNativeTarget "parking pro+Tests" */ = {
			isa = XCConfigurationList;
			buildConfigurations = (
				14D95E19236FD260008FF78B /* Debug */,
				14D95E1A236FD260008FF78B /* Release */,
			);
			defaultConfigurationIsVisible = 0;
			defaultConfigurationName = Release;
		};
		14D95E1B236FD260008FF78B /* Build configuration list for PBXNativeTarget "parking pro+UITests" */ = {
			isa = XCConfigurationList;
			buildConfigurations = (
				14D95E1C236FD260008FF78B /* Debug */,
				14D95E1D236FD260008FF78B /* Release */,
			);
			defaultConfigurationIsVisible = 0;
			defaultConfigurationName = Release;
		};
/* End XCConfigurationList section */

/* Begin XCVersionGroup section */
		14D95DF4236FD25F008FF78B /* parking_pro_.xcdatamodeld */ = {
			isa = XCVersionGroup;
			children = (
				14D95DF5236FD25F008FF78B /* parking_pro_.xcdatamodel */,
			);
			currentVersion = 14D95DF5236FD25F008FF78B /* parking_pro_.xcdatamodel */;
			path = parking_pro_.xcdatamodeld;
			sourceTree = "<group>";
			versionGroupType = wrapper.xcdatamodel;
		};
/* End XCVersionGroup section */
	};
	rootObject = 14D95DE0236FD25F008FF78B /* Project object */;
}
